
Microsoft Visual Studio Solution File, Format Version 12.00
# Visual Studio Version 16
VisualStudioVersion = 16.0.30621.155
MinimumVisualStudioVersion = 10.0.40219.1
Project("{9A19103F-16F7-4668-BE54-9A1E7A4F7556}") = "KomodoInsurance_Console", "KomodoInsurance\KomodoInsurance_Console.csproj", "{527B7000-3B63-4EC1-848E-F9B8084D53E2}"
EndProject
Project("{FAE04EC0-301F-11D3-BF4B-00C04F79EFBC}") = "Developer_Repository", "Developer_Repository\Developer_Repository.csproj", "{74B36324-10F4-4FE5-8B02-1A512E02699F}"
EndProject
Project("{FAE04EC0-301F-11D3-BF4B-00C04F79EFBC}") = "DevTeam_Repository", "DevTeam_Repository\DevTeam_Repository.csproj", "{4126E2C4-3B49-4AA3-842A-DEB9BAB80899}"
EndProject
Global
	GlobalSection(SolutionConfigurationPlatforms) = preSolution
		Debug|Any CPU = Debug|Any CPU
		Release|Any CPU = Release|Any CPU
	EndGlobalSection
	GlobalSection(ProjectConfigurationPlatforms) = postSolution
		{527B7000-3B63-4EC1-848E-F9B8084D53E2}.Debug|Any CPU.ActiveCfg = Debug|Any CPU
		{527B7000-3B63-4EC1-848E-F9B8084D53E2}.Debug|Any CPU.Build.0 = Debug|Any CPU
		{527B7000-3B63-4EC1-848E-F9B8084D53E2}.Release|Any CPU.ActiveCfg = Release|Any CPU
		{527B7000-3B63-4EC1-848E-F9B8084D53E2}.Release|Any CPU.Build.0 = Release|Any CPU
		{74B36324-10F4-4FE5-8B02-1A512E02699F}.Debug|Any CPU.ActiveCfg = Debug|Any CPU
		{74B36324-10F4-4FE5-8B02-1A512E02699F}.Debug|Any CPU.Build.0 = Debug|Any CPU
		{74B36324-10F4-4FE5-8B02-1A512E02699F}.Release|Any CPU.ActiveCfg = Release|Any CPU
		{74B36324-10F4-4FE5-8B02-1A512E02699F}.Release|Any CPU.Build.0 = Release|Any CPU
		{4126E2C4-3B49-4AA3-842A-DEB9BAB80899}.Debug|Any CPU.ActiveCfg = Debug|Any CPU
		{4126E2C4-3B49-4AA3-842A-DEB9BAB80899}.Debug|Any CPU.Build.0 = Debug|Any CPU
		{4126E2C4-3B49-4AA3-842A-DEB9BAB80899}.Release|Any CPU.ActiveCfg = Release|Any CPU
		{4126E2C4-3B49-4AA3-842A-DEB9BAB80899}.Release|Any CPU.Build.0 = Release|Any CPU
	EndGlobalSection
	GlobalSection(SolutionProperties) = preSolution
		HideSolutionNode = FALSE
	EndGlobalSection
	GlobalSection(ExtensibilityGlobals) = postSolution
		SolutionGuid = {52E0AEEF-DDF3-476D-B2DE-A333D9F54220}
	EndGlobalSection
EndGlobal
